// !$*UTF8*$!
{
	archiveVersion = 1;
	classes = {
	};
	objectVersion = 77;
	objects = {

/* Begin PBXBuildFile section */
		014FD9EC4DBAD3062C31670C /* SettingsSheet.swift in Sources */ = {isa = PBXBuildFile; fileRef = B9167BE3C78659C05031D238 /* SettingsSheet.swift */; };
		18CED8EE0C6AA5C517B1D143 /* AIInboxView.swift in Sources */ = {isa = PBXBuildFile; fileRef = 4FDE465769D153A0A0D17504 /* AIInboxView.swift */; };
		1A1DE7D0E9302121D55DB390 /* ArticleDetailView.swift in Sources */ = {isa = PBXBuildFile; fileRef = D209DCB83B5C440977AFE70A /* ArticleDetailView.swift */; };
		1DC5A4B057212FB263947314 /* SmartFolderEditor.swift in Sources */ = {isa = PBXBuildFile; fileRef = 1288194EF90A1E8E96E9F26A /* SmartFolderEditor.swift */; };
		214DC26687D7CFE6647B4E3C /* MLXLLM in Frameworks */ = {isa = PBXBuildFile; productRef = C72D1637C2C2401209468AAB /* MLXLLM */; };
		2A601923CBA16F4DD268D2C9 /* NativeKeychain.swift in Sources */ = {isa = PBXBuildFile; fileRef = B1B69429F0218849C4A4E655 /* NativeKeychain.swift */; };
		31C97F9F9878CA51FEDC3C3B /* AIDisclaimerLabel.swift in Sources */ = {isa = PBXBuildFile; fileRef = 89737FFF993802E562860605 /* AIDisclaimerLabel.swift */; };
		436F02334D47F5BCE5A79570 /* MLXRunner.swift in Sources */ = {isa = PBXBuildFile; fileRef = E28E5CED0C01EDE2E5B3FE1F /* MLXRunner.swift */; };
		44E488CC2CF6C6BF80417FB1 /* SmartFolderEval.swift in Sources */ = {isa = PBXBuildFile; fileRef = 3442125155D4E58EF8001611 /* SmartFolderEval.swift */; };
		568EFC6280529AB7F91222BD /* SkimCore in Frameworks */ = {isa = PBXBuildFile; productRef = 8734D4E26C300D1AD49D4262 /* SkimCore */; };
		6048C096F85B46DFAF8590AF /* Style.swift in Sources */ = {isa = PBXBuildFile; fileRef = 038284DEE00F91A360324653 /* Style.swift */; };
		61BAB9A8624266289CDE71CA /* AppModel.swift in Sources */ = {isa = PBXBuildFile; fileRef = AB4C7BF5DF27052F2C1D6463 /* AppModel.swift */; };
		705834903C7D5B0F2442C2D8 /* SkimMacOSApp.swift in Sources */ = {isa = PBXBuildFile; fileRef = 911315535A4F45B6C42EEABC /* SkimMacOSApp.swift */; };
		7487CDA38AA993612EB4880B /* AIBootDisclaimerView.swift in Sources */ = {isa = PBXBuildFile; fileRef = 959A59B5B27E8C969D084B8F /* AIBootDisclaimerView.swift */; };
		751B168D630209B01DAFF073 /* ArticleExtractor.swift in Sources */ = {isa = PBXBuildFile; fileRef = 7F51D9DF00B8808F7E2D215A /* ArticleExtractor.swift */; };
		7C87C81EDE030A9459473E8D /* TasteModel.swift in Sources */ = {isa = PBXBuildFile; fileRef = 4FA32ECFFFAF834236FDF04E /* TasteModel.swift */; };
		8B797999B22B89495C05CA39 /* AquireBold.otf in Resources */ = {isa = PBXBuildFile; fileRef = 63A1EF775C8B6EF7CCFE3F8F /* AquireBold.otf */; };
		8ED4B358481AC4273C225054 /* WebView.swift in Sources */ = {isa = PBXBuildFile; fileRef = 1474BA38A4E522DB5D3ECB21 /* WebView.swift */; };
		96F49A7819D5D167616F137F /* LegalView.swift in Sources */ = {isa = PBXBuildFile; fileRef = 8387834F563CFA86721EBF1D /* LegalView.swift */; };
		9A48EFF3F29B3477E0CE9120 /* Hub in Frameworks */ = {isa = PBXBuildFile; productRef = 8B0DFA296F4A48F6B090AFBC /* Hub */; };
		A20D6777CCE9FF23884FB7F1 /* NativeClaudeOAuth.swift in Sources */ = {isa = PBXBuildFile; fileRef = B0090C5D509EB383DECB63AC /* NativeClaudeOAuth.swift */; };
		C0EC10B0B82C5D4EC9815658 /* NativeAI.swift in Sources */ = {isa = PBXBuildFile; fileRef = A1BCD3DD03D305C558D07614 /* NativeAI.swift */; };
		C1D91C8A78E543F0F69FFE82 /* Assets.xcassets in Resources */ = {isa = PBXBuildFile; fileRef = 0C79E51007F91AE5C8286F40 /* Assets.xcassets */; };
		D575AB676AA07786E29C32A0 /* CatchUpView.swift in Sources */ = {isa = PBXBuildFile; fileRef = 839B1584F0E39B5A14D96C79 /* CatchUpView.swift */; };
		D8AA09587BC441D5C430CA81 /* SkimNativeApp.swift in Sources */ = {isa = PBXBuildFile; fileRef = A483594667B890576E4D368D /* SkimNativeApp.swift */; };
		DBB5FBDEDA1A12B4D0F4B932 /* NativeMLX.swift in Sources */ = {isa = PBXBuildFile; fileRef = F6BA45434D97C1ACA953B839 /* NativeMLX.swift */; };
		DFC1782BE965DCD3BBEAFEC9 /* MLXLMCommon in Frameworks */ = {isa = PBXBuildFile; productRef = 01AF9F9115F22E9DD2E51BE1 /* MLXLMCommon */; };
		E0006C62ED6F6DE502164145 /* RootView.swift in Sources */ = {isa = PBXBuildFile; fileRef = A9AD11F7D9C976F34C0C9347 /* RootView.swift */; };
		E1982976AACCF15F39396194 /* ArticleListView.swift in Sources */ = {isa = PBXBuildFile; fileRef = 6B28A301EB6A7BA1E2CC3912 /* ArticleListView.swift */; };
		F22F6907C7390FE6C195AD8C /* SkimCore in Frameworks */ = {isa = PBXBuildFile; productRef = 96F35F36DD1B890E9DE5ACBA /* SkimCore */; };
		F77D922DF2F50121B27BDD3B /* MLX in Frameworks */ = {isa = PBXBuildFile; productRef = A6EF4FD219591BC7A9787950 /* MLX */; };
/* End PBXBuildFile section */

/* Begin PBXFileReference section */
		038284DEE00F91A360324653 /* Style.swift */ = {isa = PBXFileReference; lastKnownFileType = sourcecode.swift; path = Style.swift; sourceTree = "<group>"; };
		0C79E51007F91AE5C8286F40 /* Assets.xcassets */ = {isa = PBXFileReference; lastKnownFileType = folder.assetcatalog; path = Assets.xcassets; sourceTree = "<group>"; };
		1288194EF90A1E8E96E9F26A /* SmartFolderEditor.swift */ = {isa = PBXFileReference; lastKnownFileType = sourcecode.swift; path = SmartFolderEditor.swift; sourceTree = "<group>"; };
		1474BA38A4E522DB5D3ECB21 /* WebView.swift */ = {isa = PBXFileReference; lastKnownFileType = sourcecode.swift; path = WebView.swift; sourceTree = "<group>"; };
		3442125155D4E58EF8001611 /* SmartFolderEval.swift */ = {isa = PBXFileReference; lastKnownFileType = sourcecode.swift; path = SmartFolderEval.swift; sourceTree = "<group>"; };
		4FA32ECFFFAF834236FDF04E /* TasteModel.swift */ = {isa = PBXFileReference; lastKnownFileType = sourcecode.swift; path = TasteModel.swift; sourceTree = "<group>"; };
		4FDE465769D153A0A0D17504 /* AIInboxView.swift */ = {isa = PBXFileReference; lastKnownFileType = sourcecode.swift; path = AIInboxView.swift; sourceTree = "<group>"; };
		55C58C12B9B2AB383B4BA89C /* SkimCore */ = {isa = PBXFileReference; lastKnownFileType = folder; name = SkimCore; path = ../SkimCore; sourceTree = SOURCE_ROOT; };
		63A1EF775C8B6EF7CCFE3F8F /* AquireBold.otf */ = {isa = PBXFileReference; lastKnownFileType = file; path = AquireBold.otf; sourceTree = "<group>"; };
		6B28A301EB6A7BA1E2CC3912 /* ArticleListView.swift */ = {isa = PBXFileReference; lastKnownFileType = sourcecode.swift; path = ArticleListView.swift; sourceTree = "<group>"; };
		7F51D9DF00B8808F7E2D215A /* ArticleExtractor.swift */ = {isa = PBXFileReference; lastKnownFileType = sourcecode.swift; path = ArticleExtractor.swift; sourceTree = "<group>"; };
		8387834F563CFA86721EBF1D /* LegalView.swift */ = {isa = PBXFileReference; lastKnownFileType = sourcecode.swift; path = LegalView.swift; sourceTree = "<group>"; };
		839B1584F0E39B5A14D96C79 /* CatchUpView.swift */ = {isa = PBXFileReference; lastKnownFileType = sourcecode.swift; path = CatchUpView.swift; sourceTree = "<group>"; };
		89737FFF993802E562860605 /* AIDisclaimerLabel.swift */ = {isa = PBXFileReference; lastKnownFileType = sourcecode.swift; path = AIDisclaimerLabel.swift; sourceTree = "<group>"; };
		911315535A4F45B6C42EEABC /* SkimMacOSApp.swift */ = {isa = PBXFileReference; lastKnownFileType = sourcecode.swift; path = SkimMacOSApp.swift; sourceTree = "<group>"; };
		959A59B5B27E8C969D084B8F /* AIBootDisclaimerView.swift */ = {isa = PBXFileReference; lastKnownFileType = sourcecode.swift; path = AIBootDisclaimerView.swift; sourceTree = "<group>"; };
		A1BCD3DD03D305C558D07614 /* NativeAI.swift */ = {isa = PBXFileReference; lastKnownFileType = sourcecode.swift; path = NativeAI.swift; sourceTree = "<group>"; };
		A483594667B890576E4D368D /* SkimNativeApp.swift */ = {isa = PBXFileReference; lastKnownFileType = sourcecode.swift; path = SkimNativeApp.swift; sourceTree = "<group>"; };
		A9AD11F7D9C976F34C0C9347 /* RootView.swift */ = {isa = PBXFileReference; lastKnownFileType = sourcecode.swift; path = RootView.swift; sourceTree = "<group>"; };
		AB4C7BF5DF27052F2C1D6463 /* AppModel.swift */ = {isa = PBXFileReference; lastKnownFileType = sourcecode.swift; path = AppModel.swift; sourceTree = "<group>"; };
		AE1C488D608B0EBF3FD76FE7 /* Info.plist */ = {isa = PBXFileReference; lastKnownFileType = text.plist; path = Info.plist; sourceTree = "<group>"; };
		B0090C5D509EB383DECB63AC /* NativeClaudeOAuth.swift */ = {isa = PBXFileReference; lastKnownFileType = sourcecode.swift; path = NativeClaudeOAuth.swift; sourceTree = "<group>"; };
		B1B69429F0218849C4A4E655 /* NativeKeychain.swift */ = {isa = PBXFileReference; lastKnownFileType = sourcecode.swift; path = NativeKeychain.swift; sourceTree = "<group>"; };
		B72B2D107E596891809ECA5E /* Skim macOS.app */ = {isa = PBXFileReference; explicitFileType = wrapper.application; includeInIndex = 0; path = "Skim macOS.app"; sourceTree = BUILT_PRODUCTS_DIR; };
		B9167BE3C78659C05031D238 /* SettingsSheet.swift */ = {isa = PBXFileReference; lastKnownFileType = sourcecode.swift; path = SettingsSheet.swift; sourceTree = "<group>"; };
		D209DCB83B5C440977AFE70A /* ArticleDetailView.swift */ = {isa = PBXFileReference; lastKnownFileType = sourcecode.swift; path = ArticleDetailView.swift; sourceTree = "<group>"; };
		D60276D39C8ED76452B2EB26 /* Skim iOS.app */ = {isa = PBXFileReference; includeInIndex = 0; lastKnownFileType = wrapper.application; path = "Skim iOS.app"; sourceTree = BUILT_PRODUCTS_DIR; };
		E28E5CED0C01EDE2E5B3FE1F /* MLXRunner.swift */ = {isa = PBXFileReference; lastKnownFileType = sourcecode.swift; path = MLXRunner.swift; sourceTree = "<group>"; };
		F6BA45434D97C1ACA953B839 /* NativeMLX.swift */ = {isa = PBXFileReference; lastKnownFileType = sourcecode.swift; path = NativeMLX.swift; sourceTree = "<group>"; };
/* End PBXFileReference section */

/* Begin PBXFrameworksBuildPhase section */
		41A11D44200FFE5EB472F0E2 /* Frameworks */ = {
			isa = PBXFrameworksBuildPhase;
			buildActionMask = 2147483647;
			files = (
				F22F6907C7390FE6C195AD8C /* SkimCore in Frameworks */,
			);
			runOnlyForDeploymentPostprocessing = 0;
		};
		76DB0782F0908D763A32FBB8 /* Frameworks */ = {
			isa = PBXFrameworksBuildPhase;
			buildActionMask = 2147483647;
			files = (
				568EFC6280529AB7F91222BD /* SkimCore in Frameworks */,
				F77D922DF2F50121B27BDD3B /* MLX in Frameworks */,
				DFC1782BE965DCD3BBEAFEC9 /* MLXLMCommon in Frameworks */,
				214DC26687D7CFE6647B4E3C /* MLXLLM in Frameworks */,
				9A48EFF3F29B3477E0CE9120 /* Hub in Frameworks */,
			);
			runOnlyForDeploymentPostprocessing = 0;
		};
/* End PBXFrameworksBuildPhase section */

/* Begin PBXGroup section */
		1A2D47319E7CFF24CC9F78AD = {
			isa = PBXGroup;
			children = (
				F382D506BD65E61FC2E26B85 /* fonts */,
				5D931F04FC8D63ECE5B39F74 /* Packages */,
				3E35E50044D8E41517AC148A /* SkimIOS */,
				2BC0ADE719452D0F6EFFCB9A /* SkimMacOS */,
				D7ABB738AAC39584D7DAB6DD /* Products */,
			);
			sourceTree = "<group>";
		};
		2BC0ADE719452D0F6EFFCB9A /* SkimMacOS */ = {
			isa = PBXGroup;
			children = (
				6A741000BF236389F8526857 /* App */,
			);
			path = SkimMacOS;
			sourceTree = "<group>";
		};
		3417775593F58D71E2EF3871 /* App */ = {
			isa = PBXGroup;
			children = (
				AB4C7BF5DF27052F2C1D6463 /* AppModel.swift */,
				A483594667B890576E4D368D /* SkimNativeApp.swift */,
				4FA32ECFFFAF834236FDF04E /* TasteModel.swift */,
			);
			path = App;
			sourceTree = "<group>";
		};
		3E35E50044D8E41517AC148A /* SkimIOS */ = {
			isa = PBXGroup;
			children = (
				0C79E51007F91AE5C8286F40 /* Assets.xcassets */,
				AE1C488D608B0EBF3FD76FE7 /* Info.plist */,
				3417775593F58D71E2EF3871 /* App */,
				996846EA10E61EE5D576648A /* Support */,
				F8A894C5E58672BA9365DF76 /* Views */,
			);
			path = SkimIOS;
			sourceTree = "<group>";
		};
		5D931F04FC8D63ECE5B39F74 /* Packages */ = {
			isa = PBXGroup;
			children = (
				55C58C12B9B2AB383B4BA89C /* SkimCore */,
			);
			name = Packages;
			sourceTree = "<group>";
		};
		6A741000BF236389F8526857 /* App */ = {
			isa = PBXGroup;
			children = (
				911315535A4F45B6C42EEABC /* SkimMacOSApp.swift */,
			);
			path = App;
			sourceTree = "<group>";
		};
		996846EA10E61EE5D576648A /* Support */ = {
			isa = PBXGroup;
			children = (
				7F51D9DF00B8808F7E2D215A /* ArticleExtractor.swift */,
				E28E5CED0C01EDE2E5B3FE1F /* MLXRunner.swift */,
				A1BCD3DD03D305C558D07614 /* NativeAI.swift */,
				B0090C5D509EB383DECB63AC /* NativeClaudeOAuth.swift */,
				B1B69429F0218849C4A4E655 /* NativeKeychain.swift */,
				F6BA45434D97C1ACA953B839 /* NativeMLX.swift */,
				3442125155D4E58EF8001611 /* SmartFolderEval.swift */,
				038284DEE00F91A360324653 /* Style.swift */,
				1474BA38A4E522DB5D3ECB21 /* WebView.swift */,
			);
			path = Support;
			sourceTree = "<group>";
		};
		D7ABB738AAC39584D7DAB6DD /* Products */ = {
			isa = PBXGroup;
			children = (
				D60276D39C8ED76452B2EB26 /* Skim iOS.app */,
				B72B2D107E596891809ECA5E /* Skim macOS.app */,
			);
			name = Products;
			sourceTree = "<group>";
		};
		F382D506BD65E61FC2E26B85 /* fonts */ = {
			isa = PBXGroup;
			children = (
				63A1EF775C8B6EF7CCFE3F8F /* AquireBold.otf */,
			);
			name = fonts;
			path = ../../src/assets/fonts;
			sourceTree = "<group>";
		};
		F8A894C5E58672BA9365DF76 /* Views */ = {
			isa = PBXGroup;
			children = (
				959A59B5B27E8C969D084B8F /* AIBootDisclaimerView.swift */,
				89737FFF993802E562860605 /* AIDisclaimerLabel.swift */,
				4FDE465769D153A0A0D17504 /* AIInboxView.swift */,
				D209DCB83B5C440977AFE70A /* ArticleDetailView.swift */,
				6B28A301EB6A7BA1E2CC3912 /* ArticleListView.swift */,
				839B1584F0E39B5A14D96C79 /* CatchUpView.swift */,
				8387834F563CFA86721EBF1D /* LegalView.swift */,
				A9AD11F7D9C976F34C0C9347 /* RootView.swift */,
				B9167BE3C78659C05031D238 /* SettingsSheet.swift */,
				1288194EF90A1E8E96E9F26A /* SmartFolderEditor.swift */,
			);
			path = Views;
			sourceTree = "<group>";
		};
/* End PBXGroup section */

/* Begin PBXNativeTarget section */
		D929318313B1392530E756B1 /* Skim iOS */ = {
			isa = PBXNativeTarget;
			buildConfigurationList = 08C47FB093FD6FC316B8207B /* Build configuration list for PBXNativeTarget "Skim iOS" */;
			buildPhases = (
				FA8C62AE1B6B922170E1F987 /* Sources */,
				8DAF624E914995313E502099 /* Resources */,
				76DB0782F0908D763A32FBB8 /* Frameworks */,
			);
			buildRules = (
			);
			dependencies = (
			);
			name = "Skim iOS";
			packageProductDependencies = (
				8734D4E26C300D1AD49D4262 /* SkimCore */,
				A6EF4FD219591BC7A9787950 /* MLX */,
				01AF9F9115F22E9DD2E51BE1 /* MLXLMCommon */,
				C72D1637C2C2401209468AAB /* MLXLLM */,
				8B0DFA296F4A48F6B090AFBC /* Hub */,
			);
			productName = "Skim iOS";
			productReference = D60276D39C8ED76452B2EB26 /* Skim iOS.app */;
			productType = "com.apple.product-type.application";
		};
		EC587717C8EAD7BD3D55046E /* Skim macOS */ = {
			isa = PBXNativeTarget;
			buildConfigurationList = 6E2B6792ADB1E851E87E6F2A /* Build configuration list for PBXNativeTarget "Skim macOS" */;
			buildPhases = (
				1637F370E261F1F8236916C4 /* Sources */,
				41A11D44200FFE5EB472F0E2 /* Frameworks */,
			);
			buildRules = (
			);
			dependencies = (
			);
			name = "Skim macOS";
			packageProductDependencies = (
				96F35F36DD1B890E9DE5ACBA /* SkimCore */,
			);
			productName = "Skim macOS";
			productReference = B72B2D107E596891809ECA5E /* Skim macOS.app */;
			productType = "com.apple.product-type.application";
		};
/* End PBXNativeTarget section */

/* Begin PBXProject section */
		BF2799439C611FAABE478155 /* Project object */ = {
			isa = PBXProject;
			attributes = {
				BuildIndependentTargetsInParallel = YES;
				LastUpgradeCheck = 1430;
				TargetAttributes = {
					D929318313B1392530E756B1 = {
						DevelopmentTeam = 6KQV68SJ5P;
						ProvisioningStyle = Automatic;
					};
					EC587717C8EAD7BD3D55046E = {
						DevelopmentTeam = 6KQV68SJ5P;
						ProvisioningStyle = Automatic;
					};
				};
			};
			buildConfigurationList = F00E8D4A7E5DCF1E228A8FFA /* Build configuration list for PBXProject "SkimNative" */;
			developmentRegion = en;
			hasScannedForEncodings = 0;
			knownRegions = (
				Base,
				en,
			);
			mainGroup = 1A2D47319E7CFF24CC9F78AD;
			minimizedProjectReferenceProxies = 1;
			packageReferences = (
				67D103D1C16F827F3B1E7819 /* XCRemoteSwiftPackageReference "mlx-swift" */,
				8EFD0C399CD27477B350989C /* XCRemoteSwiftPackageReference "mlx-swift-examples" */,
				9A45BD01B133ECCCE6766556 /* XCRemoteSwiftPackageReference "swift-transformers" */,
				DD3DF580024801F9AE4E4899 /* XCLocalSwiftPackageReference "../SkimCore" */,
			);
			preferredProjectObjectVersion = 77;
			productRefGroup = D7ABB738AAC39584D7DAB6DD /* Products */;
			projectDirPath = "";
			projectRoot = "";
			targets = (
				D929318313B1392530E756B1 /* Skim iOS */,
				EC587717C8EAD7BD3D55046E /* Skim macOS */,
			);
		};
/* End PBXProject section */

/* Begin PBXResourcesBuildPhase section */
		8DAF624E914995313E502099 /* Resources */ = {
			isa = PBXResourcesBuildPhase;
			buildActionMask = 2147483647;
			files = (
				8B797999B22B89495C05CA39 /* AquireBold.otf in Resources */,
				C1D91C8A78E543F0F69FFE82 /* Assets.xcassets in Resources */,
			);
			runOnlyForDeploymentPostprocessing = 0;
		};
/* End PBXResourcesBuildPhase section */

/* Begin PBXSourcesBuildPhase section */
		1637F370E261F1F8236916C4 /* Sources */ = {
			isa = PBXSourcesBuildPhase;
			buildActionMask = 2147483647;
			files = (
				705834903C7D5B0F2442C2D8 /* SkimMacOSApp.swift in Sources */,
			);
			runOnlyForDeploymentPostprocessing = 0;
		};
		FA8C62AE1B6B922170E1F987 /* Sources */ = {
			isa = PBXSourcesBuildPhase;
			buildActionMask = 2147483647;
			files = (
				7487CDA38AA993612EB4880B /* AIBootDisclaimerView.swift in Sources */,
				31C97F9F9878CA51FEDC3C3B /* AIDisclaimerLabel.swift in Sources */,
				18CED8EE0C6AA5C517B1D143 /* AIInboxView.swift in Sources */,
				61BAB9A8624266289CDE71CA /* AppModel.swift in Sources */,
				1A1DE7D0E9302121D55DB390 /* ArticleDetailView.swift in Sources */,
				751B168D630209B01DAFF073 /* ArticleExtractor.swift in Sources */,
				E1982976AACCF15F39396194 /* ArticleListView.swift in Sources */,
				D575AB676AA07786E29C32A0 /* CatchUpView.swift in Sources */,
				96F49A7819D5D167616F137F /* LegalView.swift in Sources */,
				436F02334D47F5BCE5A79570 /* MLXRunner.swift in Sources */,
				C0EC10B0B82C5D4EC9815658 /* NativeAI.swift in Sources */,
				A20D6777CCE9FF23884FB7F1 /* NativeClaudeOAuth.swift in Sources */,
				2A601923CBA16F4DD268D2C9 /* NativeKeychain.swift in Sources */,
				DBB5FBDEDA1A12B4D0F4B932 /* NativeMLX.swift in Sources */,
				E0006C62ED6F6DE502164145 /* RootView.swift in Sources */,
				014FD9EC4DBAD3062C31670C /* SettingsSheet.swift in Sources */,
				D8AA09587BC441D5C430CA81 /* SkimNativeApp.swift in Sources */,
				1DC5A4B057212FB263947314 /* SmartFolderEditor.swift in Sources */,
				44E488CC2CF6C6BF80417FB1 /* SmartFolderEval.swift in Sources */,
				6048C096F85B46DFAF8590AF /* Style.swift in Sources */,
				7C87C81EDE030A9459473E8D /* TasteModel.swift in Sources */,
				8ED4B358481AC4273C225054 /* WebView.swift in Sources */,
			);
			runOnlyForDeploymentPostprocessing = 0;
		};
/* End PBXSourcesBuildPhase section */

/* Begin XCBuildConfiguration section */
		075E812BDEEEFF5A0A4F9E66 /* Debug */ = {
			isa = XCBuildConfiguration;
			buildSettings = {
				ASSETCATALOG_COMPILER_APPICON_NAME = AppIcon;
				CODE_SIGN_STYLE = Automatic;
				COMBINE_HIDPI_IMAGES = YES;
				CURRENT_PROJECT_VERSION = 28;
				DEVELOPMENT_TEAM = 6KQV68SJ5P;
				GENERATE_INFOPLIST_FILE = YES;
				INFOPLIST_KEY_CFBundleDisplayName = Skim;
				INFOPLIST_KEY_LSApplicationCategoryType = "public.app-category.news";
				LD_RUNPATH_SEARCH_PATHS = (
					"$(inherited)",
					"@executable_path/../Frameworks",
				);
				MACOSX_DEPLOYMENT_TARGET = 15.0;
				MARKETING_VERSION = 0.1.5;
				PRODUCT_BUNDLE_IDENTIFIER = com.gm2211.skim.native.macos;
				PRODUCT_NAME = Skim;
				SDKROOT = macosx;
				SWIFT_VERSION = 6.0;
			};
			name = Debug;
		};
		2EF7042F67E7BE5464EC4FCD /* Debug */ = {
			isa = XCBuildConfiguration;
			buildSettings = {
				ALWAYS_SEARCH_USER_PATHS = NO;
				CLANG_ANALYZER_NONNULL = YES;
				CLANG_ANALYZER_NUMBER_OBJECT_CONVERSION = YES_AGGRESSIVE;
				CLANG_CXX_LANGUAGE_STANDARD = "gnu++14";
				CLANG_CXX_LIBRARY = "libc++";
				CLANG_ENABLE_MODULES = YES;
				CLANG_ENABLE_OBJC_ARC = YES;
				CLANG_ENABLE_OBJC_WEAK = YES;
				CLANG_WARN_BLOCK_CAPTURE_AUTORELEASING = YES;
				CLANG_WARN_BOOL_CONVERSION = YES;
				CLANG_WARN_COMMA = YES;
				CLANG_WARN_CONSTANT_CONVERSION = YES;
				CLANG_WARN_DEPRECATED_OBJC_IMPLEMENTATIONS = YES;
				CLANG_WARN_DIRECT_OBJC_ISA_USAGE = YES_ERROR;
				CLANG_WARN_DOCUMENTATION_COMMENTS = YES;
				CLANG_WARN_EMPTY_BODY = YES;
				CLANG_WARN_ENUM_CONVERSION = YES;
				CLANG_WARN_INFINITE_RECURSION = YES;
				CLANG_WARN_INT_CONVERSION = YES;
				CLANG_WARN_NON_LITERAL_NULL_CONVERSION = YES;
				CLANG_WARN_OBJC_IMPLICIT_RETAIN_SELF = YES;
				CLANG_WARN_OBJC_LITERAL_CONVERSION = YES;
				CLANG_WARN_OBJC_ROOT_CLASS = YES_ERROR;
				CLANG_WARN_QUOTED_INCLUDE_IN_FRAMEWORK_HEADER = YES;
				CLANG_WARN_RANGE_LOOP_ANALYSIS = YES;
				CLANG_WARN_STRICT_PROTOTYPES = YES;
				CLANG_WARN_SUSPICIOUS_MOVE = YES;
				CLANG_WARN_UNGUARDED_AVAILABILITY = YES_AGGRESSIVE;
				CLANG_WARN_UNREACHABLE_CODE = YES;
				CLANG_WARN__DUPLICATE_METHOD_MATCH = YES;
				COPY_PHASE_STRIP = NO;
				DEBUG_INFORMATION_FORMAT = dwarf;
				ENABLE_STRICT_OBJC_MSGSEND = YES;
				ENABLE_TESTABILITY = YES;
				GCC_C_LANGUAGE_STANDARD = gnu11;
				GCC_DYNAMIC_NO_PIC = NO;
				GCC_NO_COMMON_BLOCKS = YES;
				GCC_OPTIMIZATION_LEVEL = 0;
				GCC_PREPROCESSOR_DEFINITIONS = (
					"$(inherited)",
					"DEBUG=1",
				);
				GCC_WARN_64_TO_32_BIT_CONVERSION = YES;
				GCC_WARN_ABOUT_RETURN_TYPE = YES_ERROR;
				GCC_WARN_UNDECLARED_SELECTOR = YES;
				GCC_WARN_UNINITIALIZED_AUTOS = YES_AGGRESSIVE;
				GCC_WARN_UNUSED_FUNCTION = YES;
				GCC_WARN_UNUSED_VARIABLE = YES;
				IPHONEOS_DEPLOYMENT_TARGET = 26.0;
				MACOSX_DEPLOYMENT_TARGET = 15.0;
				MTL_ENABLE_DEBUG_INFO = INCLUDE_SOURCE;
				MTL_FAST_MATH = YES;
				ONLY_ACTIVE_ARCH = YES;
				PRODUCT_NAME = "$(TARGET_NAME)";
				SWIFT_ACTIVE_COMPILATION_CONDITIONS = DEBUG;
				SWIFT_OPTIMIZATION_LEVEL = "-Onone";
				SWIFT_VERSION = 5.0;
			};
			name = Debug;
		};
		484B3CB6AC83A73B13D5F556 /* Release */ = {
			isa = XCBuildConfiguration;
			buildSettings = {
				ASSETCATALOG_COMPILER_APPICON_NAME = AppIcon;
				CODE_SIGN_STYLE = Automatic;
				COMBINE_HIDPI_IMAGES = YES;
				CURRENT_PROJECT_VERSION = 28;
				DEVELOPMENT_TEAM = 6KQV68SJ5P;
				GENERATE_INFOPLIST_FILE = YES;
				INFOPLIST_KEY_CFBundleDisplayName = Skim;
				INFOPLIST_KEY_LSApplicationCategoryType = "public.app-category.news";
				LD_RUNPATH_SEARCH_PATHS = (
					"$(inherited)",
					"@executable_path/../Frameworks",
				);
				MACOSX_DEPLOYMENT_TARGET = 15.0;
				MARKETING_VERSION = 0.1.5;
				PRODUCT_BUNDLE_IDENTIFIER = com.gm2211.skim.native.macos;
				PRODUCT_NAME = Skim;
				SDKROOT = macosx;
				SWIFT_VERSION = 6.0;
			};
			name = Release;
		};
		D4F28219C4B8BC5A5122BE93 /* Release */ = {
			isa = XCBuildConfiguration;
			buildSettings = {
				ASSETCATALOG_COMPILER_APPICON_NAME = AppIcon;
				ASSETCATALOG_COMPILER_GENERATE_SWIFT_ASSET_SYMBOL_EXTENSIONS = YES;
				CODE_SIGN_IDENTITY = "iPhone Developer";
				CODE_SIGN_STYLE = Automatic;
				CURRENT_PROJECT_VERSION = 28;
				DEVELOPMENT_TEAM = 6KQV68SJ5P;
				GENERATE_INFOPLIST_FILE = YES;
				INFOPLIST_FILE = SkimIOS/Info.plist;
				INFOPLIST_KEY_CFBundleDisplayName = Skim;
				INFOPLIST_KEY_ITSAppUsesNonExemptEncryption = NO;
				INFOPLIST_KEY_LSApplicationCategoryType = "public.app-category.news";
				INFOPLIST_KEY_UIApplicationSceneManifest_Generation = YES;
				INFOPLIST_KEY_UIApplicationSupportsIndirectInputEvents = YES;
				INFOPLIST_KEY_UILaunchScreen_Generation = YES;
				INFOPLIST_KEY_UIRequiresFullScreen = YES;
				INFOPLIST_KEY_UISupportedInterfaceOrientations_iPad = "UIInterfaceOrientationPortrait UIInterfaceOrientationLandscapeLeft UIInterfaceOrientationLandscapeRight";
				INFOPLIST_KEY_UISupportedInterfaceOrientations_iPhone = UIInterfaceOrientationPortrait;
				IPHONEOS_DEPLOYMENT_TARGET = 26.0;
				LD_RUNPATH_SEARCH_PATHS = (
					"$(inherited)",
					"@executable_path/Frameworks",
				);
				MARKETING_VERSION = 0.1.5;
				PRODUCT_BUNDLE_IDENTIFIER = com.gm2211.skim;
				PRODUCT_NAME = Skim;
				SDKROOT = iphoneos;
				SWIFT_VERSION = 6.0;
				TARGETED_DEVICE_FAMILY = "1,2";
			};
			name = Release;
		};
		E724FA0F7DC71E746A550215 /* Debug */ = {
			isa = XCBuildConfiguration;
			buildSettings = {
				ASSETCATALOG_COMPILER_APPICON_NAME = AppIcon;
				ASSETCATALOG_COMPILER_GENERATE_SWIFT_ASSET_SYMBOL_EXTENSIONS = YES;
				CODE_SIGN_IDENTITY = "iPhone Developer";
				CODE_SIGN_STYLE = Automatic;
				CURRENT_PROJECT_VERSION = 28;
				DEVELOPMENT_TEAM = 6KQV68SJ5P;
				GENERATE_INFOPLIST_FILE = YES;
				INFOPLIST_FILE = SkimIOS/Info.plist;
				INFOPLIST_KEY_CFBundleDisplayName = Skim;
				INFOPLIST_KEY_ITSAppUsesNonExemptEncryption = NO;
				INFOPLIST_KEY_LSApplicationCategoryType = "public.app-category.news";
				INFOPLIST_KEY_UIApplicationSceneManifest_Generation = YES;
				INFOPLIST_KEY_UIApplicationSupportsIndirectInputEvents = YES;
				INFOPLIST_KEY_UILaunchScreen_Generation = YES;
				INFOPLIST_KEY_UIRequiresFullScreen = YES;
				INFOPLIST_KEY_UISupportedInterfaceOrientations_iPad = "UIInterfaceOrientationPortrait UIInterfaceOrientationLandscapeLeft UIInterfaceOrientationLandscapeRight";
				INFOPLIST_KEY_UISupportedInterfaceOrientations_iPhone = UIInterfaceOrientationPortrait;
				IPHONEOS_DEPLOYMENT_TARGET = 26.0;
				LD_RUNPATH_SEARCH_PATHS = (
					"$(inherited)",
					"@executable_path/Frameworks",
				);
				MARKETING_VERSION = 0.1.5;
				PRODUCT_BUNDLE_IDENTIFIER = com.gm2211.skim;
				PRODUCT_NAME = Skim;
				SDKROOT = iphoneos;
				SWIFT_VERSION = 6.0;
				TARGETED_DEVICE_FAMILY = "1,2";
			};
			name = Debug;
		};
		F819B1C6290A7288038A9B59 /* Release */ = {
			isa = XCBuildConfiguration;
			buildSettings = {
				ALWAYS_SEARCH_USER_PATHS = NO;
				CLANG_ANALYZER_NONNULL = YES;
				CLANG_ANALYZER_NUMBER_OBJECT_CONVERSION = YES_AGGRESSIVE;
				CLANG_CXX_LANGUAGE_STANDARD = "gnu++14";
				CLANG_CXX_LIBRARY = "libc++";
				CLANG_ENABLE_MODULES = YES;
				CLANG_ENABLE_OBJC_ARC = YES;
				CLANG_ENABLE_OBJC_WEAK = YES;
				CLANG_WARN_BLOCK_CAPTURE_AUTORELEASING = YES;
				CLANG_WARN_BOOL_CONVERSION = YES;
				CLANG_WARN_COMMA = YES;
				CLANG_WARN_CONSTANT_CONVERSION = YES;
				CLANG_WARN_DEPRECATED_OBJC_IMPLEMENTATIONS = YES;
				CLANG_WARN_DIRECT_OBJC_ISA_USAGE = YES_ERROR;
				CLANG_WARN_DOCUMENTATION_COMMENTS = YES;
				CLANG_WARN_EMPTY_BODY = YES;
				CLANG_WARN_ENUM_CONVERSION = YES;
				CLANG_WARN_INFINITE_RECURSION = YES;
				CLANG_WARN_INT_CONVERSION = YES;
				CLANG_WARN_NON_LITERAL_NULL_CONVERSION = YES;
				CLANG_WARN_OBJC_IMPLICIT_RETAIN_SELF = YES;
				CLANG_WARN_OBJC_LITERAL_CONVERSION = YES;
				CLANG_WARN_OBJC_ROOT_CLASS = YES_ERROR;
				CLANG_WARN_QUOTED_INCLUDE_IN_FRAMEWORK_HEADER = YES;
				CLANG_WARN_RANGE_LOOP_ANALYSIS = YES;
				CLANG_WARN_STRICT_PROTOTYPES = YES;
				CLANG_WARN_SUSPICIOUS_MOVE = YES;
				CLANG_WARN_UNGUARDED_AVAILABILITY = YES_AGGRESSIVE;
				CLANG_WARN_UNREACHABLE_CODE = YES;
				CLANG_WARN__DUPLICATE_METHOD_MATCH = YES;
				COPY_PHASE_STRIP = NO;
				DEBUG_INFORMATION_FORMAT = "dwarf-with-dsym";
				ENABLE_NS_ASSERTIONS = NO;
				ENABLE_STRICT_OBJC_MSGSEND = YES;
				GCC_C_LANGUAGE_STANDARD = gnu11;
				GCC_NO_COMMON_BLOCKS = YES;
				GCC_WARN_64_TO_32_BIT_CONVERSION = YES;
				GCC_WARN_ABOUT_RETURN_TYPE = YES_ERROR;
				GCC_WARN_UNDECLARED_SELECTOR = YES;
				GCC_WARN_UNINITIALIZED_AUTOS = YES_AGGRESSIVE;
				GCC_WARN_UNUSED_FUNCTION = YES;
				GCC_WARN_UNUSED_VARIABLE = YES;
				IPHONEOS_DEPLOYMENT_TARGET = 26.0;
				MACOSX_DEPLOYMENT_TARGET = 15.0;
				MTL_ENABLE_DEBUG_INFO = NO;
				MTL_FAST_MATH = YES;
				PRODUCT_NAME = "$(TARGET_NAME)";
				SWIFT_COMPILATION_MODE = wholemodule;
				SWIFT_OPTIMIZATION_LEVEL = "-O";
				SWIFT_VERSION = 5.0;
			};
			name = Release;
		};
/* End XCBuildConfiguration section */

/* Begin XCConfigurationList section */
		08C47FB093FD6FC316B8207B /* Build configuration list for PBXNativeTarget "Skim iOS" */ = {
			isa = XCConfigurationList;
			buildConfigurations = (
				E724FA0F7DC71E746A550215 /* Debug */,
				D4F28219C4B8BC5A5122BE93 /* Release */,
			);
			defaultConfigurationIsVisible = 0;
			defaultConfigurationName = Debug;
		};
		6E2B6792ADB1E851E87E6F2A /* Build configuration list for PBXNativeTarget "Skim macOS" */ = {
			isa = XCConfigurationList;
			buildConfigurations = (
				075E812BDEEEFF5A0A4F9E66 /* Debug */,
				484B3CB6AC83A73B13D5F556 /* Release */,
			);
			defaultConfigurationIsVisible = 0;
			defaultConfigurationName = Debug;
		};
		F00E8D4A7E5DCF1E228A8FFA /* Build configuration list for PBXProject "SkimNative" */ = {
			isa = XCConfigurationList;
			buildConfigurations = (
				2EF7042F67E7BE5464EC4FCD /* Debug */,
				F819B1C6290A7288038A9B59 /* Release */,
			);
			defaultConfigurationIsVisible = 0;
			defaultConfigurationName = Debug;
		};
/* End XCConfigurationList section */

/* Begin XCLocalSwiftPackageReference section */
		DD3DF580024801F9AE4E4899 /* XCLocalSwiftPackageReference "../SkimCore" */ = {
			isa = XCLocalSwiftPackageReference;
			relativePath = ../SkimCore;
		};
/* End XCLocalSwiftPackageReference section */

/* Begin XCRemoteSwiftPackageReference section */
		67D103D1C16F827F3B1E7819 /* XCRemoteSwiftPackageReference "mlx-swift" */ = {
			isa = XCRemoteSwiftPackageReference;
			repositoryURL = "https://github.com/ml-explore/mlx-swift.git";
			requirement = {
				kind = upToNextMajorVersion;
				minimumVersion = 0.18.0;
			};
		};
		8EFD0C399CD27477B350989C /* XCRemoteSwiftPackageReference "mlx-swift-examples" */ = {
			isa = XCRemoteSwiftPackageReference;
			repositoryURL = "https://github.com/ml-explore/mlx-swift-examples.git";
			requirement = {
				kind = upToNextMajorVersion;
				minimumVersion = 2.21.0;
			};
		};
		9A45BD01B133ECCCE6766556 /* XCRemoteSwiftPackageReference "swift-transformers" */ = {
			isa = XCRemoteSwiftPackageReference;
			repositoryURL = "https://github.com/huggingface/swift-transformers";
			requirement = {
				kind = upToNextMajorVersion;
				minimumVersion = 1.0.0;
			};
		};
/* End XCRemoteSwiftPackageReference section */

/* Begin XCSwiftPackageProductDependency section */
		01AF9F9115F22E9DD2E51BE1 /* MLXLMCommon */ = {
			isa = XCSwiftPackageProductDependency;
			package = 8EFD0C399CD27477B350989C /* XCRemoteSwiftPackageReference "mlx-swift-examples" */;
			productName = MLXLMCommon;
		};
		8734D4E26C300D1AD49D4262 /* SkimCore */ = {
			isa = XCSwiftPackageProductDependency;
			productName = SkimCore;
		};
		8B0DFA296F4A48F6B090AFBC /* Hub */ = {
			isa = XCSwiftPackageProductDependency;
			package = 9A45BD01B133ECCCE6766556 /* XCRemoteSwiftPackageReference "swift-transformers" */;
			productName = Hub;
		};
		96F35F36DD1B890E9DE5ACBA /* SkimCore */ = {
			isa = XCSwiftPackageProductDependency;
			productName = SkimCore;
		};
		A6EF4FD219591BC7A9787950 /* MLX */ = {
			isa = XCSwiftPackageProductDependency;
			package = 67D103D1C16F827F3B1E7819 /* XCRemoteSwiftPackageReference "mlx-swift" */;
			productName = MLX;
		};
		C72D1637C2C2401209468AAB /* MLXLLM */ = {
			isa = XCSwiftPackageProductDependency;
			package = 8EFD0C399CD27477B350989C /* XCRemoteSwiftPackageReference "mlx-swift-examples" */;
			productName = MLXLLM;
		};
/* End XCSwiftPackageProductDependency section */
	};
	rootObject = BF2799439C611FAABE478155 /* Project object */;
}
